
Microsoft Visual Studio Solution File, Format Version 12.00
# Visual Studio Version 16
VisualStudioVersion = 16.0.30002.166
MinimumVisualStudioVersion = 10.0.40219.1
Project("{FAE04EC0-301F-11D3-BF4B-00C04F79EFBC}") = "TwoThousandThirtyEight", "TwoThousandThirtyEight\TwoThousandThirtyEight.csproj", "{D53CF52A-E008-447D-9CEF-D06A77B1874C}"
EndProject
Global
	GlobalSection(SolutionConfigurationPlatforms) = preSolution
		Debug|Any CPU = Debug|Any CPU
		Release|Any CPU = Release|Any CPU
	EndGlobalSection
	GlobalSection(ProjectConfigurationPlatforms) = postSolution
		{D53CF52A-E008-447D-9CEF-D06A77B1874C}.Debug|Any CPU.ActiveCfg = Debug|Any CPU
		{D53CF52A-E008-447D-9CEF-D06A77B1874C}.Debug|Any CPU.Build.0 = Debug|Any CPU
		{D53CF52A-E008-447D-9CEF-D06A77B1874C}.Release|Any CPU.ActiveCfg = Release|Any CPU
		{D53CF52A-E008-447D-9CEF-D06A77B1874C}.Release|Any CPU.Build.0 = Release|Any CPU
	EndGlobalSection
	GlobalSection(SolutionProperties) = preSolution
		HideSolutionNode = FALSE
	EndGlobalSection
	GlobalSection(ExtensibilityGlobals) = postSolution
		SolutionGuid = {4A27C544-C24A-4009-A50D-9FDC058C0FB8}
	EndGlobalSection
EndGlobal
